
Microsoft Visual Studio Solution File, Format Version 12.00
# Visual Studio Version 17
VisualStudioVersion = 17.4.33205.214
MinimumVisualStudioVersion = 10.0.40219.1
Project("{9A19103F-16F7-4668-BE54-9A1E7A4F7556}") = "Bahrom_Akramov", "Bahrom_Akramov\Bahrom_Akramov.csproj", "{1516FA2D-39B0-469E-9B76-7E51F24FC54C}"
EndProject
Project("{FAE04EC0-301F-11D3-BF4B-00C04F79EFBC}") = "3-Modul", "3-Modul\3-Modul.csproj", "{7187A8E3-C92A-4398-96B5-83CECE0B3918}"
EndProject
Global
	GlobalSection(SolutionConfigurationPlatforms) = preSolution
		Debug|Any CPU = Debug|Any CPU
		Release|Any CPU = Release|Any CPU
	EndGlobalSection
	GlobalSection(ProjectConfigurationPlatforms) = postSolution
		{1516FA2D-39B0-469E-9B76-7E51F24FC54C}.Debug|Any CPU.ActiveCfg = Debug|Any CPU
		{1516FA2D-39B0-469E-9B76-7E51F24FC54C}.Debug|Any CPU.Build.0 = Debug|Any CPU
		{1516FA2D-39B0-469E-9B76-7E51F24FC54C}.Release|Any CPU.ActiveCfg = Release|Any CPU
		{1516FA2D-39B0-469E-9B76-7E51F24FC54C}.Release|Any CPU.Build.0 = Release|Any CPU
		{7187A8E3-C92A-4398-96B5-83CECE0B3918}.Debug|Any CPU.ActiveCfg = Debug|Any CPU
		{7187A8E3-C92A-4398-96B5-83CECE0B3918}.Debug|Any CPU.Build.0 = Debug|Any CPU
		{7187A8E3-C92A-4398-96B5-83CECE0B3918}.Release|Any CPU.ActiveCfg = Release|Any CPU
		{7187A8E3-C92A-4398-96B5-83CECE0B3918}.Release|Any CPU.Build.0 = Release|Any CPU
	EndGlobalSection
	GlobalSection(SolutionProperties) = preSolution
		HideSolutionNode = FALSE
	EndGlobalSection
	GlobalSection(ExtensibilityGlobals) = postSolution
		SolutionGuid = {6091C6A2-045D-42C2-B231-C13931CF4C6D}
	EndGlobalSection
EndGlobal
